
Microsoft Visual Studio Solution File, Format Version 12.00
# Visual Studio Version 17
VisualStudioVersion = 17.8.34227.203
MinimumVisualStudioVersion = 10.0.40219.1
Project("{FAE04EC0-301F-11D3-BF4B-00C04F79EFBC}") = "SwaggerExamples", "SwaggerExamples\SwaggerExamples.csproj", "{FE890A5A-934F-40E6-87D6-8749DC788C85}"
EndProject
Global
	GlobalSection(SolutionConfigurationPlatforms) = preSolution
		Debug|Any CPU = Debug|Any CPU
		Release|Any CPU = Release|Any CPU
	EndGlobalSection
	GlobalSection(ProjectConfigurationPlatforms) = postSolution
		{FE890A5A-934F-40E6-87D6-8749DC788C85}.Debug|Any CPU.ActiveCfg = Debug|Any CPU
		{FE890A5A-934F-40E6-87D6-8749DC788C85}.Debug|Any CPU.Build.0 = Debug|Any CPU
		{FE890A5A-934F-40E6-87D6-8749DC788C85}.Release|Any CPU.ActiveCfg = Release|Any CPU
		{FE890A5A-934F-40E6-87D6-8749DC788C85}.Release|Any CPU.Build.0 = Release|Any CPU
	EndGlobalSection
	GlobalSection(SolutionProperties) = preSolution
		HideSolutionNode = FALSE
	EndGlobalSection
	GlobalSection(ExtensibilityGlobals) = postSolution
		SolutionGuid = {329F2721-D2DE-471C-AFD7-189C6F0B4B78}
	EndGlobalSection
EndGlobal
